
Microsoft Visual Studio Solution File, Format Version 12.00
# Visual Studio Version 17
VisualStudioVersion = 17.11.35312.102
MinimumVisualStudioVersion = 10.0.40219.1
Project("{9A19103F-16F7-4668-BE54-9A1E7A4F7556}") = "SalesDatePrediction.API", "API\SalesDatePrediction.API.csproj", "{4F1298CC-DB47-40E1-82C0-07195AF567B6}"
EndProject
Project("{FAE04EC0-301F-11D3-BF4B-00C04F79EFBC}") = "SalesDatePrediction.Core", "SalesDatePrediction.Core\SalesDatePrediction.Core.csproj", "{3A22D722-F0D9-4FC2-A9CE-83E38C85B642}"
EndProject
Project("{FAE04EC0-301F-11D3-BF4B-00C04F79EFBC}") = "SalesDatePrediction.Infrastructure", "SalesDatePrediction.Infrastructure\SalesDatePrediction.Infrastructure.csproj", "{9B3BA9EF-02E5-4CD2-BC3F-655D511E1291}"
EndProject
Project("{FAE04EC0-301F-11D3-BF4B-00C04F79EFBC}") = "SalesDatePrediction.Tests", "SalesDatePrediction.Tests\SalesDatePrediction.Tests.csproj", "{85E96716-24F9-4226-967E-0F5E3373F94A}"
EndProject
Global
	GlobalSection(SolutionConfigurationPlatforms) = preSolution
		Debug|Any CPU = Debug|Any CPU
		Release|Any CPU = Release|Any CPU
	EndGlobalSection
	GlobalSection(ProjectConfigurationPlatforms) = postSolution
		{4F1298CC-DB47-40E1-82C0-07195AF567B6}.Debug|Any CPU.ActiveCfg = Debug|Any CPU
		{4F1298CC-DB47-40E1-82C0-07195AF567B6}.Debug|Any CPU.Build.0 = Debug|Any CPU
		{4F1298CC-DB47-40E1-82C0-07195AF567B6}.Release|Any CPU.ActiveCfg = Release|Any CPU
		{4F1298CC-DB47-40E1-82C0-07195AF567B6}.Release|Any CPU.Build.0 = Release|Any CPU
		{3A22D722-F0D9-4FC2-A9CE-83E38C85B642}.Debug|Any CPU.ActiveCfg = Debug|Any CPU
		{3A22D722-F0D9-4FC2-A9CE-83E38C85B642}.Debug|Any CPU.Build.0 = Debug|Any CPU
		{3A22D722-F0D9-4FC2-A9CE-83E38C85B642}.Release|Any CPU.ActiveCfg = Release|Any CPU
		{3A22D722-F0D9-4FC2-A9CE-83E38C85B642}.Release|Any CPU.Build.0 = Release|Any CPU
		{9B3BA9EF-02E5-4CD2-BC3F-655D511E1291}.Debug|Any CPU.ActiveCfg = Debug|Any CPU
		{9B3BA9EF-02E5-4CD2-BC3F-655D511E1291}.Debug|Any CPU.Build.0 = Debug|Any CPU
		{9B3BA9EF-02E5-4CD2-BC3F-655D511E1291}.Release|Any CPU.ActiveCfg = Release|Any CPU
		{9B3BA9EF-02E5-4CD2-BC3F-655D511E1291}.Release|Any CPU.Build.0 = Release|Any CPU
		{85E96716-24F9-4226-967E-0F5E3373F94A}.Debug|Any CPU.ActiveCfg = Debug|Any CPU
		{85E96716-24F9-4226-967E-0F5E3373F94A}.Debug|Any CPU.Build.0 = Debug|Any CPU
		{85E96716-24F9-4226-967E-0F5E3373F94A}.Release|Any CPU.ActiveCfg = Release|Any CPU
		{85E96716-24F9-4226-967E-0F5E3373F94A}.Release|Any CPU.Build.0 = Release|Any CPU
	EndGlobalSection
	GlobalSection(SolutionProperties) = preSolution
		HideSolutionNode = FALSE
	EndGlobalSection
	GlobalSection(ExtensibilityGlobals) = postSolution
		SolutionGuid = {2A483BC9-1164-4574-87B4-9B9723EF89F6}
	EndGlobalSection
EndGlobal
